// !$*UTF8*$!
{
	archiveVersion = 1;
	classes = {
	};
	objectVersion = 50;
	objects = {

/* Begin PBXBuildFile section */
		070238B163F38C61E0A96CE3 /* libPods-leverTsui-OpenGL.a in Frameworks */ = {isa = PBXBuildFile; fileRef = 0D016C8BD30BA7E4D993B232 /* libPods-leverTsui-OpenGL.a */; };
		C62318032146137600700306 /* AppDelegate.m in Sources */ = {isa = PBXBuildFile; fileRef = C62318022146137600700306 /* AppDelegate.m */; };
		C62318092146137600700306 /* Main.storyboard in Resources */ = {isa = PBXBuildFile; fileRef = C62318072146137600700306 /* Main.storyboard */; };
		C623180B2146137800700306 /* Assets.xcassets in Resources */ = {isa = PBXBuildFile; fileRef = C623180A2146137800700306 /* Assets.xcassets */; };
		C623180E2146137800700306 /* LaunchScreen.storyboard in Resources */ = {isa = PBXBuildFile; fileRef = C623180C2146137800700306 /* LaunchScreen.storyboard */; };
		C62318112146137800700306 /* main.m in Sources */ = {isa = PBXBuildFile; fileRef = C62318102146137800700306 /* main.m */; };
		C623181B2146137800700306 /* leverTsui_OpenGLTests.m in Sources */ = {isa = PBXBuildFile; fileRef = C623181A2146137800700306 /* leverTsui_OpenGLTests.m */; };
		C62318262146137800700306 /* leverTsui_OpenGLUITests.m in Sources */ = {isa = PBXBuildFile; fileRef = C62318252146137800700306 /* leverTsui_OpenGLUITests.m */; };
		C623183B2146154100700306 /* LTExampleViewController.m in Sources */ = {isa = PBXBuildFile; fileRef = C623183A2146154100700306 /* LTExampleViewController.m */; };
		C623183E2146156700700306 /* LTExample.m in Sources */ = {isa = PBXBuildFile; fileRef = C623183D2146156700700306 /* LTExample.m */; };
		C62318432146214300700306 /* LTDrawImageViewController.m in Sources */ = {isa = PBXBuildFile; fileRef = C62318422146214300700306 /* LTDrawImageViewController.m */; };
		C62318472146544A00700306 /* UIViewController+LTExample.m in Sources */ = {isa = PBXBuildFile; fileRef = C62318462146544A00700306 /* UIViewController+LTExample.m */; };
		C623184B2146560E00700306 /* LTDramImageViewController.m in Sources */ = {isa = PBXBuildFile; fileRef = C623184A2146560E00700306 /* LTDramImageViewController.m */; };
		C623184F21465CE600700306 /* 1.jpeg in Resources */ = {isa = PBXBuildFile; fileRef = C623184E21465CE600700306 /* 1.jpeg */; };
/* End PBXBuildFile section */

/* Begin PBXContainerItemProxy section */
		C62318172146137800700306 /* PBXContainerItemProxy */ = {
			isa = PBXContainerItemProxy;
			containerPortal = C62317F62146137600700306 /* Project object */;
			proxyType = 1;
			remoteGlobalIDString = C62317FD2146137600700306;
			remoteInfo = "leverTsui-OpenGL";
		};
		C62318222146137800700306 /* PBXContainerItemProxy */ = {
			isa = PBXContainerItemProxy;
			containerPortal = C62317F62146137600700306 /* Project object */;
			proxyType = 1;
			remoteGlobalIDString = C62317FD2146137600700306;
			remoteInfo = "leverTsui-OpenGL";
		};
/* End PBXContainerItemProxy section */

/* Begin PBXFileReference section */
		0D016C8BD30BA7E4D993B232 /* libPods-leverTsui-OpenGL.a */ = {isa = PBXFileReference; explicitFileType = archive.ar; includeInIndex = 0; path = "libPods-leverTsui-OpenGL.a"; sourceTree = BUILT_PRODUCTS_DIR; };
		2343E9968354922303955BA4 /* Pods-leverTsui-OpenGL.debug.xcconfig */ = {isa = PBXFileReference; includeInIndex = 1; lastKnownFileType = text.xcconfig; name = "Pods-leverTsui-OpenGL.debug.xcconfig"; path = "Pods/Target Support Files/Pods-leverTsui-OpenGL/Pods-leverTsui-OpenGL.debug.xcconfig"; sourceTree = "<group>"; };
		C62317FE2146137600700306 /* leverTsui-OpenGL.app */ = {isa = PBXFileReference; explicitFileType = wrapper.application; includeInIndex = 0; path = "leverTsui-OpenGL.app"; sourceTree = BUILT_PRODUCTS_DIR; };
		C62318012146137600700306 /* AppDelegate.h */ = {isa = PBXFileReference; lastKnownFileType = sourcecode.c.h; path = AppDelegate.h; sourceTree = "<group>"; };
		C62318022146137600700306 /* AppDelegate.m */ = {isa = PBXFileReference; lastKnownFileType = sourcecode.c.objc; path = AppDelegate.m; sourceTree = "<group>"; };
		C62318082146137600700306 /* Base */ = {isa = PBXFileReference; lastKnownFileType = file.storyboard; name = Base; path = Base.lproj/Main.storyboard; sourceTree = "<group>"; };
		C623180A2146137800700306 /* Assets.xcassets */ = {isa = PBXFileReference; lastKnownFileType = folder.assetcatalog; path = Assets.xcassets; sourceTree = "<group>"; };
		C623180D2146137800700306 /* Base */ = {isa = PBXFileReference; lastKnownFileType = file.storyboard; name = Base; path = Base.lproj/LaunchScreen.storyboard; sourceTree = "<group>"; };
		C623180F2146137800700306 /* Info.plist */ = {isa = PBXFileReference; lastKnownFileType = text.plist.xml; path = Info.plist; sourceTree = "<group>"; };
		C62318102146137800700306 /* main.m */ = {isa = PBXFileReference; lastKnownFileType = sourcecode.c.objc; path = main.m; sourceTree = "<group>"; };
		C62318162146137800700306 /* leverTsui-OpenGLTests.xctest */ = {isa = PBXFileReference; explicitFileType = wrapper.cfbundle; includeInIndex = 0; path = "leverTsui-OpenGLTests.xctest"; sourceTree = BUILT_PRODUCTS_DIR; };
		C623181A2146137800700306 /* leverTsui_OpenGLTests.m */ = {isa = PBXFileReference; lastKnownFileType = sourcecode.c.objc; path = leverTsui_OpenGLTests.m; sourceTree = "<group>"; };
		C623181C2146137800700306 /* Info.plist */ = {isa = PBXFileReference; lastKnownFileType = text.plist.xml; path = Info.plist; sourceTree = "<group>"; };
		C62318212146137800700306 /* leverTsui-OpenGLUITests.xctest */ = {isa = PBXFileReference; explicitFileType = wrapper.cfbundle; includeInIndex = 0; path = "leverTsui-OpenGLUITests.xctest"; sourceTree = BUILT_PRODUCTS_DIR; };
		C62318252146137800700306 /* leverTsui_OpenGLUITests.m */ = {isa = PBXFileReference; lastKnownFileType = sourcecode.c.objc; path = leverTsui_OpenGLUITests.m; sourceTree = "<group>"; };
		C62318272146137800700306 /* Info.plist */ = {isa = PBXFileReference; lastKnownFileType = text.plist.xml; path = Info.plist; sourceTree = "<group>"; };
		C62318392146154100700306 /* LTExampleViewController.h */ = {isa = PBXFileReference; lastKnownFileType = sourcecode.c.h; path = LTExampleViewController.h; sourceTree = "<group>"; };
		C623183A2146154100700306 /* LTExampleViewController.m */ = {isa = PBXFileReference; lastKnownFileType = sourcecode.c.objc; path = LTExampleViewController.m; sourceTree = "<group>"; };
		C623183C2146156700700306 /* LTExample.h */ = {isa = PBXFileReference; lastKnownFileType = sourcecode.c.h; path = LTExample.h; sourceTree = "<group>"; };
		C623183D2146156700700306 /* LTExample.m */ = {isa = PBXFileReference; lastKnownFileType = sourcecode.c.objc; path = LTExample.m; sourceTree = "<group>"; };
		C62318412146214300700306 /* LTDrawImageViewController.h */ = {isa = PBXFileReference; lastKnownFileType = sourcecode.c.h; path = LTDrawImageViewController.h; sourceTree = "<group>"; };
		C62318422146214300700306 /* LTDrawImageViewController.m */ = {isa = PBXFileReference; lastKnownFileType = sourcecode.c.objc; path = LTDrawImageViewController.m; sourceTree = "<group>"; };
		C62318452146544A00700306 /* UIViewController+LTExample.h */ = {isa = PBXFileReference; lastKnownFileType = sourcecode.c.h; path = "UIViewController+LTExample.h"; sourceTree = "<group>"; };
		C62318462146544A00700306 /* UIViewController+LTExample.m */ = {isa = PBXFileReference; lastKnownFileType = sourcecode.c.objc; path = "UIViewController+LTExample.m"; sourceTree = "<group>"; };
		C62318492146560E00700306 /* LTDramImageViewController.h */ = {isa = PBXFileReference; lastKnownFileType = sourcecode.c.h; path = LTDramImageViewController.h; sourceTree = "<group>"; };
		C623184A2146560E00700306 /* LTDramImageViewController.m */ = {isa = PBXFileReference; lastKnownFileType = sourcecode.c.objc; path = LTDramImageViewController.m; sourceTree = "<group>"; };
		C623184E21465CE600700306 /* 1.jpeg */ = {isa = PBXFileReference; lastKnownFileType = image.jpeg; path = 1.jpeg; sourceTree = "<group>"; };
		D6E67DD381B2F4A134FB09C4 /* Pods-leverTsui-OpenGL.release.xcconfig */ = {isa = PBXFileReference; includeInIndex = 1; lastKnownFileType = text.xcconfig; name = "Pods-leverTsui-OpenGL.release.xcconfig"; path = "Pods/Target Support Files/Pods-leverTsui-OpenGL/Pods-leverTsui-OpenGL.release.xcconfig"; sourceTree = "<group>"; };
/* End PBXFileReference section */

/* Begin PBXFrameworksBuildPhase section */
		C62317FB2146137600700306 /* Frameworks */ = {
			isa = PBXFrameworksBuildPhase;
			buildActionMask = 2147483647;
			files = (
				070238B163F38C61E0A96CE3 /* libPods-leverTsui-OpenGL.a in Frameworks */,
			);
			runOnlyForDeploymentPostprocessing = 0;
		};
		C62318132146137800700306 /* Frameworks */ = {
			isa = PBXFrameworksBuildPhase;
			buildActionMask = 2147483647;
			files = (
			);
			runOnlyForDeploymentPostprocessing = 0;
		};
		C623181E2146137800700306 /* Frameworks */ = {
			isa = PBXFrameworksBuildPhase;
			buildActionMask = 2147483647;
			files = (
			);
			runOnlyForDeploymentPostprocessing = 0;
		};
/* End PBXFrameworksBuildPhase section */

/* Begin PBXGroup section */
		4CD7F76D3C786597313E5D50 /* Frameworks */ = {
			isa = PBXGroup;
			children = (
				0D016C8BD30BA7E4D993B232 /* libPods-leverTsui-OpenGL.a */,
			);
			name = Frameworks;
			sourceTree = "<group>";
		};
		C62317F52146137600700306 = {
			isa = PBXGroup;
			children = (
				C62318002146137600700306 /* leverTsui-OpenGL */,
				C62318192146137800700306 /* leverTsui-OpenGLTests */,
				C62318242146137800700306 /* leverTsui-OpenGLUITests */,
				C62317FF2146137600700306 /* Products */,
				F85E04A5C0F699888B8BB0D1 /* Pods */,
				4CD7F76D3C786597313E5D50 /* Frameworks */,
			);
			sourceTree = "<group>";
		};
		C62317FF2146137600700306 /* Products */ = {
			isa = PBXGroup;
			children = (
				C62317FE2146137600700306 /* leverTsui-OpenGL.app */,
				C62318162146137800700306 /* leverTsui-OpenGLTests.xctest */,
				C62318212146137800700306 /* leverTsui-OpenGLUITests.xctest */,
			);
			name = Products;
			sourceTree = "<group>";
		};
		C62318002146137600700306 /* leverTsui-OpenGL */ = {
			isa = PBXGroup;
			children = (
				C62318442146542B00700306 /* Category */,
				C62318342146152500700306 /* Controller */,
				C62318332146152500700306 /* Model */,
				C62318372146152500700306 /* View */,
				C62318012146137600700306 /* AppDelegate.h */,
				C623184E21465CE600700306 /* 1.jpeg */,
				C62318022146137600700306 /* AppDelegate.m */,
				C62318072146137600700306 /* Main.storyboard */,
				C623180A2146137800700306 /* Assets.xcassets */,
				C623180C2146137800700306 /* LaunchScreen.storyboard */,
				C623180F2146137800700306 /* Info.plist */,
				C62318102146137800700306 /* main.m */,
			);
			path = "leverTsui-OpenGL";
			sourceTree = "<group>";
		};
		C62318192146137800700306 /* leverTsui-OpenGLTests */ = {
			isa = PBXGroup;
			children = (
				C623181A2146137800700306 /* leverTsui_OpenGLTests.m */,
				C623181C2146137800700306 /* Info.plist */,
			);
			path = "leverTsui-OpenGLTests";
			sourceTree = "<group>";
		};
		C62318242146137800700306 /* leverTsui-OpenGLUITests */ = {
			isa = PBXGroup;
			children = (
				C62318252146137800700306 /* leverTsui_OpenGLUITests.m */,
				C62318272146137800700306 /* Info.plist */,
			);
			path = "leverTsui-OpenGLUITests";
			sourceTree = "<group>";
		};
		C62318332146152500700306 /* Model */ = {
			isa = PBXGroup;
			children = (
				C623183C2146156700700306 /* LTExample.h */,
				C623183D2146156700700306 /* LTExample.m */,
			);
			path = Model;
			sourceTree = "<group>";
		};
		C62318342146152500700306 /* Controller */ = {
			isa = PBXGroup;
			children = (
				C6231848214655E700700306 /* Draw */,
				C62318392146154100700306 /* LTExampleViewController.h */,
				C623183A2146154100700306 /* LTExampleViewController.m */,
				C62318412146214300700306 /* LTDrawImageViewController.h */,
				C62318422146214300700306 /* LTDrawImageViewController.m */,
			);
			path = Controller;
			sourceTree = "<group>";
		};
		C62318372146152500700306 /* View */ = {
			isa = PBXGroup;
			children = (
			);
			path = View;
			sourceTree = "<group>";
		};
		C62318442146542B00700306 /* Category */ = {
			isa = PBXGroup;
			children = (
				C62318452146544A00700306 /* UIViewController+LTExample.h */,
				C62318462146544A00700306 /* UIViewController+LTExample.m */,
			);
			path = Category;
			sourceTree = "<group>";
		};
		C6231848214655E700700306 /* Draw */ = {
			isa = PBXGroup;
			children = (
				C62318492146560E00700306 /* LTDramImageViewController.h */,
				C623184A2146560E00700306 /* LTDramImageViewController.m */,
			);
			path = Draw;
			sourceTree = "<group>";
		};
		F85E04A5C0F699888B8BB0D1 /* Pods */ = {
			isa = PBXGroup;
			children = (
				2343E9968354922303955BA4 /* Pods-leverTsui-OpenGL.debug.xcconfig */,
				D6E67DD381B2F4A134FB09C4 /* Pods-leverTsui-OpenGL.release.xcconfig */,
			);
			name = Pods;
			sourceTree = "<group>";
		};
/* End PBXGroup section */

/* Begin PBXNativeTarget section */
		C62317FD2146137600700306 /* leverTsui-OpenGL */ = {
			isa = PBXNativeTarget;
			buildConfigurationList = C623182A2146137800700306 /* Build configuration list for PBXNativeTarget "leverTsui-OpenGL" */;
			buildPhases = (
				0AB7FC9F1EC93E2CF1BB2781 /* [CP] Check Pods Manifest.lock */,
				C62317FA2146137600700306 /* Sources */,
				C62317FB2146137600700306 /* Frameworks */,
				C62317FC2146137600700306 /* Resources */,
			);
			buildRules = (
			);
			dependencies = (
			);
			name = "leverTsui-OpenGL";
			productName = "leverTsui-OpenGL";
			productReference = C62317FE2146137600700306 /* leverTsui-OpenGL.app */;
			productType = "com.apple.product-type.application";
		};
		C62318152146137800700306 /* leverTsui-OpenGLTests */ = {
			isa = PBXNativeTarget;
			buildConfigurationList = C623182D2146137800700306 /* Build configuration list for PBXNativeTarget "leverTsui-OpenGLTests" */;
			buildPhases = (
				C62318122146137800700306 /* Sources */,
				C62318132146137800700306 /* Frameworks */,
				C62318142146137800700306 /* Resources */,
			);
			buildRules = (
			);
			dependencies = (
				C62318182146137800700306 /* PBXTargetDependency */,
			);
			name = "leverTsui-OpenGLTests";
			productName = "leverTsui-OpenGLTests";
			productReference = C62318162146137800700306 /* leverTsui-OpenGLTests.xctest */;
			productType = "com.apple.product-type.bundle.unit-test";
		};
		C62318202146137800700306 /* leverTsui-OpenGLUITests */ = {
			isa = PBXNativeTarget;
			buildConfigurationList = C62318302146137800700306 /* Build configuration list for PBXNativeTarget "leverTsui-OpenGLUITests" */;
			buildPhases = (
				C623181D2146137800700306 /* Sources */,
				C623181E2146137800700306 /* Frameworks */,
				C623181F2146137800700306 /* Resources */,
			);
			buildRules = (
			);
			dependencies = (
				C62318232146137800700306 /* PBXTargetDependency */,
			);
			name = "leverTsui-OpenGLUITests";
			productName = "leverTsui-OpenGLUITests";
			productReference = C62318212146137800700306 /* leverTsui-OpenGLUITests.xctest */;
			productType = "com.apple.product-type.bundle.ui-testing";
		};
/* End PBXNativeTarget section */

/* Begin PBXProject section */
		C62317F62146137600700306 /* Project object */ = {
			isa = PBXProject;
			attributes = {
				LastUpgradeCheck = 0940;
				ORGANIZATIONNAME = huage;
				TargetAttributes = {
					C62317FD2146137600700306 = {
						CreatedOnToolsVersion = 9.4.1;
					};
					C62318152146137800700306 = {
						CreatedOnToolsVersion = 9.4.1;
						TestTargetID = C62317FD2146137600700306;
					};
					C62318202146137800700306 = {
						CreatedOnToolsVersion = 9.4.1;
						TestTargetID = C62317FD2146137600700306;
					};
				};
			};
			buildConfigurationList = C62317F92146137600700306 /* Build configuration list for PBXProject "leverTsui-OpenGL" */;
			compatibilityVersion = "Xcode 9.3";
			developmentRegion = en;
			hasScannedForEncodings = 0;
			knownRegions = (
				en,
				Base,
			);
			mainGroup = C62317F52146137600700306;
			productRefGroup = C62317FF2146137600700306 /* Products */;
			projectDirPath = "";
			projectRoot = "";
			targets = (
				C62317FD2146137600700306 /* leverTsui-OpenGL */,
				C62318152146137800700306 /* leverTsui-OpenGLTests */,
				C62318202146137800700306 /* leverTsui-OpenGLUITests */,
			);
		};
/* End PBXProject section */

/* Begin PBXResourcesBuildPhase section */
		C62317FC2146137600700306 /* Resources */ = {
			isa = PBXResourcesBuildPhase;
			buildActionMask = 2147483647;
			files = (
				C623180E2146137800700306 /* LaunchScreen.storyboard in Resources */,
				C623180B2146137800700306 /* Assets.xcassets in Resources */,
				C62318092146137600700306 /* Main.storyboard in Resources */,
				C623184F21465CE600700306 /* 1.jpeg in Resources */,
			);
			runOnlyForDeploymentPostprocessing = 0;
		};
		C62318142146137800700306 /* Resources */ = {
			isa = PBXResourcesBuildPhase;
			buildActionMask = 2147483647;
			files = (
			);
			runOnlyForDeploymentPostprocessing = 0;
		};
		C623181F2146137800700306 /* Resources */ = {
			isa = PBXResourcesBuildPhase;
			buildActionMask = 2147483647;
			files = (
			);
			runOnlyForDeploymentPostprocessing = 0;
		};
/* End PBXResourcesBuildPhase section */

/* Begin PBXShellScriptBuildPhase section */
		0AB7FC9F1EC93E2CF1BB2781 /* [CP] Check Pods Manifest.lock */ = {
			isa = PBXShellScriptBuildPhase;
			buildActionMask = 2147483647;
			files = (
			);
			inputPaths = (
				"${PODS_PODFILE_DIR_PATH}/Podfile.lock",
				"${PODS_ROOT}/Manifest.lock",
			);
			name = "[CP] Check Pods Manifest.lock";
			outputPaths = (
				"$(DERIVED_FILE_DIR)/Pods-leverTsui-OpenGL-checkManifestLockResult.txt",
			);
			runOnlyForDeploymentPostprocessing = 0;
			shellPath = /bin/sh;
			shellScript = "diff \"${PODS_PODFILE_DIR_PATH}/Podfile.lock\" \"${PODS_ROOT}/Manifest.lock\" > /dev/null\nif [ $? != 0 ] ; then\n    # print error to STDERR\n    echo \"error: The sandbox is not in sync with the Podfile.lock. Run 'pod install' or update your CocoaPods installation.\" >&2\n    exit 1\nfi\n# This output is used by Xcode 'outputs' to avoid re-running this script phase.\necho \"SUCCESS\" > \"${SCRIPT_OUTPUT_FILE_0}\"\n";
			showEnvVarsInLog = 0;
		};
/* End PBXShellScriptBuildPhase section */

/* Begin PBXSourcesBuildPhase section */
		C62317FA2146137600700306 /* Sources */ = {
			isa = PBXSourcesBuildPhase;
			buildActionMask = 2147483647;
			files = (
				C623184B2146560E00700306 /* LTDramImageViewController.m in Sources */,
				C62318112146137800700306 /* main.m in Sources */,
				C623183E2146156700700306 /* LTExample.m in Sources */,
				C62318432146214300700306 /* LTDrawImageViewController.m in Sources */,
				C62318472146544A00700306 /* UIViewController+LTExample.m in Sources */,
				C62318032146137600700306 /* AppDelegate.m in Sources */,
				C623183B2146154100700306 /* LTExampleViewController.m in Sources */,
			);
			runOnlyForDeploymentPostprocessing = 0;
		};
		C62318122146137800700306 /* Sources */ = {
			isa = PBXSourcesBuildPhase;
			buildActionMask = 2147483647;
			files = (
				C623181B2146137800700306 /* leverTsui_OpenGLTests.m in Sources */,
			);
			runOnlyForDeploymentPostprocessing = 0;
		};
		C623181D2146137800700306 /* Sources */ = {
			isa = PBXSourcesBuildPhase;
			buildActionMask = 2147483647;
			files = (
				C62318262146137800700306 /* leverTsui_OpenGLUITests.m in Sources */,
			);
			runOnlyForDeploymentPostprocessing = 0;
		};
/* End PBXSourcesBuildPhase section */

/* Begin PBXTargetDependency section */
		C62318182146137800700306 /* PBXTargetDependency */ = {
			isa = PBXTargetDependency;
			target = C62317FD2146137600700306 /* leverTsui-OpenGL */;
			targetProxy = C62318172146137800700306 /* PBXContainerItemProxy */;
		};
		C62318232146137800700306 /* PBXTargetDependency */ = {
			isa = PBXTargetDependency;
			target = C62317FD2146137600700306 /* leverTsui-OpenGL */;
			targetProxy = C62318222146137800700306 /* PBXContainerItemProxy */;
		};
/* End PBXTargetDependency section */

/* Begin PBXVariantGroup section */
		C62318072146137600700306 /* Main.storyboard */ = {
			isa = PBXVariantGroup;
			children = (
				C62318082146137600700306 /* Base */,
			);
			name = Main.storyboard;
			sourceTree = "<group>";
		};
		C623180C2146137800700306 /* LaunchScreen.storyboard */ = {
			isa = PBXVariantGroup;
			children = (
				C623180D2146137800700306 /* Base */,
			);
			name = LaunchScreen.storyboard;
			sourceTree = "<group>";
		};
/* End PBXVariantGroup section */

/* Begin XCBuildConfiguration section */
		C62318282146137800700306 /* Debug */ = {
			isa = XCBuildConfiguration;
			buildSettings = {
				ALWAYS_SEARCH_USER_PATHS = NO;
				CLANG_ANALYZER_NONNULL = YES;
				CLANG_ANALYZER_NUMBER_OBJECT_CONVERSION = YES_AGGRESSIVE;
				CLANG_CXX_LANGUAGE_STANDARD = "gnu++14";
				CLANG_CXX_LIBRARY = "libc++";
				CLANG_ENABLE_MODULES = YES;
				CLANG_ENABLE_OBJC_ARC = YES;
				CLANG_ENABLE_OBJC_WEAK = YES;
				CLANG_WARN_BLOCK_CAPTURE_AUTORELEASING = YES;
				CLANG_WARN_BOOL_CONVERSION = YES;
				CLANG_WARN_COMMA = YES;
				CLANG_WARN_CONSTANT_CONVERSION = YES;
				CLANG_WARN_DEPRECATED_OBJC_IMPLEMENTATIONS = YES;
				CLANG_WARN_DIRECT_OBJC_ISA_USAGE = YES_ERROR;
				CLANG_WARN_DOCUMENTATION_COMMENTS = YES;
				CLANG_WARN_EMPTY_BODY = YES;
				CLANG_WARN_ENUM_CONVERSION = YES;
				CLANG_WARN_INFINITE_RECURSION = YES;
				CLANG_WARN_INT_CONVERSION = YES;
				CLANG_WARN_NON_LITERAL_NULL_CONVERSION = YES;
				CLANG_WARN_OBJC_IMPLICIT_RETAIN_SELF = YES;
				CLANG_WARN_OBJC_LITERAL_CONVERSION = YES;
				CLANG_WARN_OBJC_ROOT_CLASS = YES_ERROR;
				CLANG_WARN_RANGE_LOOP_ANALYSIS = YES;
				CLANG_WARN_STRICT_PROTOTYPES = YES;
				CLANG_WARN_SUSPICIOUS_MOVE = YES;
				CLANG_WARN_UNGUARDED_AVAILABILITY = YES_AGGRESSIVE;
				CLANG_WARN_UNREACHABLE_CODE = YES;
				CLANG_WARN__DUPLICATE_METHOD_MATCH = YES;
				CODE_SIGN_IDENTITY = "iPhone Developer";
				COPY_PHASE_STRIP = NO;
				DEBUG_INFORMATION_FORMAT = dwarf;
				ENABLE_STRICT_OBJC_MSGSEND = YES;
				ENABLE_TESTABILITY = YES;
				GCC_C_LANGUAGE_STANDARD = gnu11;
				GCC_DYNAMIC_NO_PIC = NO;
				GCC_NO_COMMON_BLOCKS = YES;
				GCC_OPTIMIZATION_LEVEL = 0;
				GCC_PREPROCESSOR_DEFINITIONS = (
					"DEBUG=1",
					"$(inherited)",
				);
				GCC_WARN_64_TO_32_BIT_CONVERSION = YES;
				GCC_WARN_ABOUT_RETURN_TYPE = YES_ERROR;
				GCC_WARN_UNDECLARED_SELECTOR = YES;
				GCC_WARN_UNINITIALIZED_AUTOS = YES_AGGRESSIVE;
				GCC_WARN_UNUSED_FUNCTION = YES;
				GCC_WARN_UNUSED_VARIABLE = YES;
				IPHONEOS_DEPLOYMENT_TARGET = 11.4;
				MTL_ENABLE_DEBUG_INFO = YES;
				ONLY_ACTIVE_ARCH = YES;
				SDKROOT = iphoneos;
			};
			name = Debug;
		};
		C62318292146137800700306 /* Release */ = {
			isa = XCBuildConfiguration;
			buildSettings = {
				ALWAYS_SEARCH_USER_PATHS = NO;
				CLANG_ANALYZER_NONNULL = YES;
				CLANG_ANALYZER_NUMBER_OBJECT_CONVERSION = YES_AGGRESSIVE;
				CLANG_CXX_LANGUAGE_STANDARD = "gnu++14";
				CLANG_CXX_LIBRARY = "libc++";
				CLANG_ENABLE_MODULES = YES;
				CLANG_ENABLE_OBJC_ARC = YES;
				CLANG_ENABLE_OBJC_WEAK = YES;
				CLANG_WARN_BLOCK_CAPTURE_AUTORELEASING = YES;
				CLANG_WARN_BOOL_CONVERSION = YES;
				CLANG_WARN_COMMA = YES;
				CLANG_WARN_CONSTANT_CONVERSION = YES;
				CLANG_WARN_DEPRECATED_OBJC_IMPLEMENTATIONS = YES;
				CLANG_WARN_DIRECT_OBJC_ISA_USAGE = YES_ERROR;
				CLANG_WARN_DOCUMENTATION_COMMENTS = YES;
				CLANG_WARN_EMPTY_BODY = YES;
				CLANG_WARN_ENUM_CONVERSION = YES;
				CLANG_WARN_INFINITE_RECURSION = YES;
				CLANG_WARN_INT_CONVERSION = YES;
				CLANG_WARN_NON_LITERAL_NULL_CONVERSION = YES;
				CLANG_WARN_OBJC_IMPLICIT_RETAIN_SELF = YES;
				CLANG_WARN_OBJC_LITERAL_CONVERSION = YES;
				CLANG_WARN_OBJC_ROOT_CLASS = YES_ERROR;
				CLANG_WARN_RANGE_LOOP_ANALYSIS = YES;
				CLANG_WARN_STRICT_PROTOTYPES = YES;
				CLANG_WARN_SUSPICIOUS_MOVE = YES;
				CLANG_WARN_UNGUARDED_AVAILABILITY = YES_AGGRESSIVE;
				CLANG_WARN_UNREACHABLE_CODE = YES;
				CLANG_WARN__DUPLICATE_METHOD_MATCH = YES;
				CODE_SIGN_IDENTITY = "iPhone Developer";
				COPY_PHASE_STRIP = NO;
				DEBUG_INFORMATION_FORMAT = "dwarf-with-dsym";
				ENABLE_NS_ASSERTIONS = NO;
				ENABLE_STRICT_OBJC_MSGSEND = YES;
				GCC_C_LANGUAGE_STANDARD = gnu11;
				GCC_NO_COMMON_BLOCKS = YES;
				GCC_WARN_64_TO_32_BIT_CONVERSION = YES;
				GCC_WARN_ABOUT_RETURN_TYPE = YES_ERROR;
				GCC_WARN_UNDECLARED_SELECTOR = YES;
				GCC_WARN_UNINITIALIZED_AUTOS = YES_AGGRESSIVE;
				GCC_WARN_UNUSED_FUNCTION = YES;
				GCC_WARN_UNUSED_VARIABLE = YES;
				IPHONEOS_DEPLOYMENT_TARGET = 11.4;
				MTL_ENABLE_DEBUG_INFO = NO;
				SDKROOT = iphoneos;
				VALIDATE_PRODUCT = YES;
			};
			name = Release;
		};
		C623182B2146137800700306 /* Debug */ = {
			isa = XCBuildConfiguration;
			baseConfigurationReference = 2343E9968354922303955BA4 /* Pods-leverTsui-OpenGL.debug.xcconfig */;
			buildSettings = {
				ASSETCATALOG_COMPILER_APPICON_NAME = AppIcon;
				CODE_SIGN_STYLE = Automatic;
				INFOPLIST_FILE = "leverTsui-OpenGL/Info.plist";
				LD_RUNPATH_SEARCH_PATHS = (
					"$(inherited)",
					"@executable_path/Frameworks",
				);
				PRODUCT_BUNDLE_IDENTIFIER = "com.huage.company.leverTsui-OpenGL";
				PRODUCT_NAME = "$(TARGET_NAME)";
				TARGETED_DEVICE_FAMILY = "1,2";
			};
			name = Debug;
		};
		C623182C2146137800700306 /* Release */ = {
			isa = XCBuildConfiguration;
			baseConfigurationReference = D6E67DD381B2F4A134FB09C4 /* Pods-leverTsui-OpenGL.release.xcconfig */;
			buildSettings = {
				ASSETCATALOG_COMPILER_APPICON_NAME = AppIcon;
				CODE_SIGN_STYLE = Automatic;
				INFOPLIST_FILE = "leverTsui-OpenGL/Info.plist";
				LD_RUNPATH_SEARCH_PATHS = (
					"$(inherited)",
					"@executable_path/Frameworks",
				);
				PRODUCT_BUNDLE_IDENTIFIER = "com.huage.company.leverTsui-OpenGL";
				PRODUCT_NAME = "$(TARGET_NAME)";
				TARGETED_DEVICE_FAMILY = "1,2";
			};
			name = Release;
		};
		C623182E2146137800700306 /* Debug */ = {
			isa = XCBuildConfiguration;
			buildSettings = {
				BUNDLE_LOADER = "$(TEST_HOST)";
				CODE_SIGN_STYLE = Automatic;
				INFOPLIST_FILE = "leverTsui-OpenGLTests/Info.plist";
				LD_RUNPATH_SEARCH_PATHS = (
					"$(inherited)",
					"@executable_path/Frameworks",
					"@loader_path/Frameworks",
				);
				PRODUCT_BUNDLE_IDENTIFIER = "com.huage.company.leverTsui-OpenGLTests";
				PRODUCT_NAME = "$(TARGET_NAME)";
				TARGETED_DEVICE_FAMILY = "1,2";
				TEST_HOST = "$(BUILT_PRODUCTS_DIR)/leverTsui-OpenGL.app/leverTsui-OpenGL";
			};
			name = Debug;
		};
		C623182F2146137800700306 /* Release */ = {
			isa = XCBuildConfiguration;
			buildSettings = {
				BUNDLE_LOADER = "$(TEST_HOST)";
				CODE_SIGN_STYLE = Automatic;
				INFOPLIST_FILE = "leverTsui-OpenGLTests/Info.plist";
				LD_RUNPATH_SEARCH_PATHS = (
					"$(inherited)",
					"@executable_path/Frameworks",
					"@loader_path/Frameworks",
				);
				PRODUCT_BUNDLE_IDENTIFIER = "com.huage.company.leverTsui-OpenGLTests";
				PRODUCT_NAME = "$(TARGET_NAME)";
				TARGETED_DEVICE_FAMILY = "1,2";
				TEST_HOST = "$(BUILT_PRODUCTS_DIR)/leverTsui-OpenGL.app/leverTsui-OpenGL";
			};
			name = Release;
		};
		C62318312146137800700306 /* Debug */ = {
			isa = XCBuildConfiguration;
			buildSettings = {
				CODE_SIGN_STYLE = Automatic;
				INFOPLIST_FILE = "leverTsui-OpenGLUITests/Info.plist";
				LD_RUNPATH_SEARCH_PATHS = (
					"$(inherited)",
					"@executable_path/Frameworks",
					"@loader_path/Frameworks",
				);
				PRODUCT_BUNDLE_IDENTIFIER = "com.huage.company.leverTsui-OpenGLUITests";
				PRODUCT_NAME = "$(TARGET_NAME)";
				TARGETED_DEVICE_FAMILY = "1,2";
				TEST_TARGET_NAME = "leverTsui-OpenGL";
			};
			name = Debug;
		};
		C62318322146137800700306 /* Release */ = {
			isa = XCBuildConfiguration;
			buildSettings = {
				CODE_SIGN_STYLE = Automatic;
				INFOPLIST_FILE = "leverTsui-OpenGLUITests/Info.plist";
				LD_RUNPATH_SEARCH_PATHS = (
					"$(inherited)",
					"@executable_path/Frameworks",
					"@loader_path/Frameworks",
				);
				PRODUCT_BUNDLE_IDENTIFIER = "com.huage.company.leverTsui-OpenGLUITests";
				PRODUCT_NAME = "$(TARGET_NAME)";
				TARGETED_DEVICE_FAMILY = "1,2";
				TEST_TARGET_NAME = "leverTsui-OpenGL";
			};
			name = Release;
		};
/* End XCBuildConfiguration section */

/* Begin XCConfigurationList section */
		C62317F92146137600700306 /* Build configuration list for PBXProject "leverTsui-OpenGL" */ = {
			isa = XCConfigurationList;
			buildConfigurations = (
				C62318282146137800700306 /* Debug */,
				C62318292146137800700306 /* Release */,
			);
			defaultConfigurationIsVisible = 0;
			defaultConfigurationName = Release;
		};
		C623182A2146137800700306 /* Build configuration list for PBXNativeTarget "leverTsui-OpenGL" */ = {
			isa = XCConfigurationList;
			buildConfigurations = (
				C623182B2146137800700306 /* Debug */,
				C623182C2146137800700306 /* Release */,
			);
			defaultConfigurationIsVisible = 0;
			defaultConfigurationName = Release;
		};
		C623182D2146137800700306 /* Build configuration list for PBXNativeTarget "leverTsui-OpenGLTests" */ = {
			isa = XCConfigurationList;
			buildConfigurations = (
				C623182E2146137800700306 /* Debug */,
				C623182F2146137800700306 /* Release */,
			);
			defaultConfigurationIsVisible = 0;
			defaultConfigurationName = Release;
		};
		C62318302146137800700306 /* Build configuration list for PBXNativeTarget "leverTsui-OpenGLUITests" */ = {
			isa = XCConfigurationList;
			buildConfigurations = (
				C62318312146137800700306 /* Debug */,
				C62318322146137800700306 /* Release */,
			);
			defaultConfigurationIsVisible = 0;
			defaultConfigurationName = Release;
		};
/* End XCConfigurationList section */
	};
	rootObject = C62317F62146137600700306 /* Project object */;
}
